
Microsoft Visual Studio Solution File, Format Version 12.00
# Visual Studio Version 16
VisualStudioVersion = 16.0.31019.35
MinimumVisualStudioVersion = 10.0.40219.1
Project("{FAE04EC0-301F-11D3-BF4B-00C04F79EFBC}") = "szkolenie1", "szkolenie1\szkolenie1.csproj", "{71F25823-263F-4EF2-9965-3288CE5393A3}"
EndProject
Global
	GlobalSection(SolutionConfigurationPlatforms) = preSolution
		Debug|Any CPU = Debug|Any CPU
		Release|Any CPU = Release|Any CPU
	EndGlobalSection
	GlobalSection(ProjectConfigurationPlatforms) = postSolution
		{71F25823-263F-4EF2-9965-3288CE5393A3}.Debug|Any CPU.ActiveCfg = Debug|Any CPU
		{71F25823-263F-4EF2-9965-3288CE5393A3}.Debug|Any CPU.Build.0 = Debug|Any CPU
		{71F25823-263F-4EF2-9965-3288CE5393A3}.Release|Any CPU.ActiveCfg = Release|Any CPU
		{71F25823-263F-4EF2-9965-3288CE5393A3}.Release|Any CPU.Build.0 = Release|Any CPU
	EndGlobalSection
	GlobalSection(SolutionProperties) = preSolution
		HideSolutionNode = FALSE
	EndGlobalSection
	GlobalSection(ExtensibilityGlobals) = postSolution
		SolutionGuid = {B0BA9B3C-279E-4E3B-A58B-4ACBADA73618}
	EndGlobalSection
EndGlobal
